
Microsoft Visual Studio Solution File, Format Version 12.00
# Visual Studio Version 17
VisualStudioVersion = 17.8.34309.116
MinimumVisualStudioVersion = 10.0.40219.1
Project("{9A19103F-16F7-4668-BE54-9A1E7A4F7556}") = "TimeTable.Api", "TimeTable.Api\TimeTable.Api.csproj", "{D04B7764-91BC-4D39-B421-F952FC3FDBFE}"
EndProject
Project("{9A19103F-16F7-4668-BE54-9A1E7A4F7556}") = "TimeTable.Shared", "TimeTable.Shared\TimeTable.Shared.csproj", "{CDF3D8D2-E3BD-48FD-8E70-4627F73343C5}"
EndProject
Global
	GlobalSection(SolutionConfigurationPlatforms) = preSolution
		Debug|Any CPU = Debug|Any CPU
		Release|Any CPU = Release|Any CPU
	EndGlobalSection
	GlobalSection(ProjectConfigurationPlatforms) = postSolution
		{D04B7764-91BC-4D39-B421-F952FC3FDBFE}.Debug|Any CPU.ActiveCfg = Debug|Any CPU
		{D04B7764-91BC-4D39-B421-F952FC3FDBFE}.Debug|Any CPU.Build.0 = Debug|Any CPU
		{D04B7764-91BC-4D39-B421-F952FC3FDBFE}.Release|Any CPU.ActiveCfg = Release|Any CPU
		{D04B7764-91BC-4D39-B421-F952FC3FDBFE}.Release|Any CPU.Build.0 = Release|Any CPU
		{CDF3D8D2-E3BD-48FD-8E70-4627F73343C5}.Debug|Any CPU.ActiveCfg = Debug|Any CPU
		{CDF3D8D2-E3BD-48FD-8E70-4627F73343C5}.Debug|Any CPU.Build.0 = Debug|Any CPU
		{CDF3D8D2-E3BD-48FD-8E70-4627F73343C5}.Release|Any CPU.ActiveCfg = Release|Any CPU
		{CDF3D8D2-E3BD-48FD-8E70-4627F73343C5}.Release|Any CPU.Build.0 = Release|Any CPU
	EndGlobalSection
	GlobalSection(SolutionProperties) = preSolution
		HideSolutionNode = FALSE
	EndGlobalSection
	GlobalSection(ExtensibilityGlobals) = postSolution
		SolutionGuid = {8BD138CF-3A72-430F-8B90-73D056E4C4CF}
	EndGlobalSection
EndGlobal
